
Microsoft Visual Studio Solution File, Format Version 11.00
# Visual Studio 2010
Project("{FAE04EC0-301F-11D3-BF4B-00C04F79EFBC}") = "DataGridThemes", "DataGridThemes.csproj", "{75FF1407-1C79-4138-B6AD-3E8D69D2AD36}"
EndProject
Project("{FAE04EC0-301F-11D3-BF4B-00C04F79EFBC}") = "Demo", "..\Demo\Demo.csproj", "{07FAD228-17B5-4F3B-8C98-793B7062D8BE}"
EndProject
Project("{2150E333-8FDC-42A3-9474-1A3956D46DE8}") = "NewFolder1", "NewFolder1", "{766E6688-E390-4B51-89D9-1232D9C5BFD9}"
	ProjectSection(SolutionItems) = preProject
		..\..\3.5\Src\license.txt = ..\..\3.5\Src\license.txt
	EndProjectSection
EndProject
Global
	GlobalSection(TeamFoundationVersionControl) = preSolution
		SccNumberOfProjects = 3
		SccEnterpriseProvider = {4CA58AB2-18FA-4F8D-95D4-32DDF27D184C}
		SccTeamFoundationServer = https://tfs.codeplex.com/tfs/tfs12
		SccLocalPath0 = .
		SccProjectUniqueName1 = DataGridThemes.csproj
		SccLocalPath1 = .
		SccProjectUniqueName2 = ..\\Demo\\Demo.csproj
		SccProjectName2 = ../Demo
		SccLocalPath2 = ..\\Demo
	EndGlobalSection
	GlobalSection(SolutionConfigurationPlatforms) = preSolution
		Debug|Any CPU = Debug|Any CPU
		Debug|Mixed Platforms = Debug|Mixed Platforms
		Debug|x86 = Debug|x86
		Release|Any CPU = Release|Any CPU
		Release|Mixed Platforms = Release|Mixed Platforms
		Release|x86 = Release|x86
	EndGlobalSection
	GlobalSection(ProjectConfigurationPlatforms) = postSolution
		{75FF1407-1C79-4138-B6AD-3E8D69D2AD36}.Debug|Any CPU.ActiveCfg = Debug|Any CPU
		{75FF1407-1C79-4138-B6AD-3E8D69D2AD36}.Debug|Any CPU.Build.0 = Debug|Any CPU
		{75FF1407-1C79-4138-B6AD-3E8D69D2AD36}.Debug|Mixed Platforms.ActiveCfg = Debug|Any CPU
		{75FF1407-1C79-4138-B6AD-3E8D69D2AD36}.Debug|Mixed Platforms.Build.0 = Debug|Any CPU
		{75FF1407-1C79-4138-B6AD-3E8D69D2AD36}.Debug|x86.ActiveCfg = Debug|Any CPU
		{75FF1407-1C79-4138-B6AD-3E8D69D2AD36}.Release|Any CPU.ActiveCfg = Release|Any CPU
		{75FF1407-1C79-4138-B6AD-3E8D69D2AD36}.Release|Any CPU.Build.0 = Release|Any CPU
		{75FF1407-1C79-4138-B6AD-3E8D69D2AD36}.Release|Mixed Platforms.ActiveCfg = Release|Any CPU
		{75FF1407-1C79-4138-B6AD-3E8D69D2AD36}.Release|Mixed Platforms.Build.0 = Release|Any CPU
		{75FF1407-1C79-4138-B6AD-3E8D69D2AD36}.Release|x86.ActiveCfg = Release|Any CPU
		{07FAD228-17B5-4F3B-8C98-793B7062D8BE}.Debug|Any CPU.ActiveCfg = Debug|x86
		{07FAD228-17B5-4F3B-8C98-793B7062D8BE}.Debug|Mixed Platforms.ActiveCfg = Debug|x86
		{07FAD228-17B5-4F3B-8C98-793B7062D8BE}.Debug|Mixed Platforms.Build.0 = Debug|x86
		{07FAD228-17B5-4F3B-8C98-793B7062D8BE}.Debug|x86.ActiveCfg = Debug|x86
		{07FAD228-17B5-4F3B-8C98-793B7062D8BE}.Debug|x86.Build.0 = Debug|x86
		{07FAD228-17B5-4F3B-8C98-793B7062D8BE}.Release|Any CPU.ActiveCfg = Release|x86
		{07FAD228-17B5-4F3B-8C98-793B7062D8BE}.Release|Mixed Platforms.ActiveCfg = Release|x86
		{07FAD228-17B5-4F3B-8C98-793B7062D8BE}.Release|Mixed Platforms.Build.0 = Release|x86
		{07FAD228-17B5-4F3B-8C98-793B7062D8BE}.Release|x86.ActiveCfg = Release|x86
		{07FAD228-17B5-4F3B-8C98-793B7062D8BE}.Release|x86.Build.0 = Release|x86
	EndGlobalSection
	GlobalSection(SolutionProperties) = preSolution
		HideSolutionNode = FALSE
	EndGlobalSection
EndGlobal
